// !$*UTF8*$!
{
	archiveVersion = 1;
	classes = {
	};
	objectVersion = 55;
	objects = {

/* Begin PBXBuildFile section */
		30367FE464314FCB9199C437 /* Pods_SportexcProject_SportexcProjectUITests.framework in Frameworks */ = {isa = PBXBuildFile; fileRef = 6C12F79E9C2E42336787DE97 /* Pods_SportexcProject_SportexcProjectUITests.framework */; };
		6ED9D40DF347B95B5EF6FB42 /* Pods_SportexcProject.framework in Frameworks */ = {isa = PBXBuildFile; fileRef = 498C23DE0ED8ABBD5B526D51 /* Pods_SportexcProject.framework */; };
		9B4C1C392BA6DF16B85E506C /* Pods_SportexcProjectTests.framework in Frameworks */ = {isa = PBXBuildFile; fileRef = 88539254F891724C3B941484 /* Pods_SportexcProjectTests.framework */; };
		A003993E2806F24F00D8DF5E /* NewsDetailModel.swift in Sources */ = {isa = PBXBuildFile; fileRef = A003993D2806F24F00D8DF5E /* NewsDetailModel.swift */; };
		A00399402806F91B00D8DF5E /* PicturesModel.swift in Sources */ = {isa = PBXBuildFile; fileRef = A003993F2806F91B00D8DF5E /* PicturesModel.swift */; };
		A00399422806FD9100D8DF5E /* PicturesDetailModel.swift in Sources */ = {isa = PBXBuildFile; fileRef = A00399412806FD9100D8DF5E /* PicturesDetailModel.swift */; };
		A02501742805B354001F602E /* PicturesViewController.swift in Sources */ = {isa = PBXBuildFile; fileRef = A02501732805B354001F602E /* PicturesViewController.swift */; };
		A02501762805B3B1001F602E /* PicDetailViewController.swift in Sources */ = {isa = PBXBuildFile; fileRef = A02501752805B3B1001F602E /* PicDetailViewController.swift */; };
		A02501782805B3DA001F602E /* ShowPicViewController.swift in Sources */ = {isa = PBXBuildFile; fileRef = A02501772805B3DA001F602E /* ShowPicViewController.swift */; };
		A025017E2805B418001F602E /* VideoViewController.swift in Sources */ = {isa = PBXBuildFile; fileRef = A025017D2805B418001F602E /* VideoViewController.swift */; };
		A02501842805B457001F602E /* TweetsViewController.swift in Sources */ = {isa = PBXBuildFile; fileRef = A02501832805B457001F602E /* TweetsViewController.swift */; };
		A025018C2805B5BA001F602E /* PicturesVC+TableView.swift in Sources */ = {isa = PBXBuildFile; fileRef = A025018B2805B5BA001F602E /* PicturesVC+TableView.swift */; };
		A025018F2805B5EB001F602E /* PicturesTableViewCell.swift in Sources */ = {isa = PBXBuildFile; fileRef = A025018E2805B5EB001F602E /* PicturesTableViewCell.swift */; };
		A02501912805B674001F602E /* PicDetailVC+CollectionView.swift in Sources */ = {isa = PBXBuildFile; fileRef = A02501902805B674001F602E /* PicDetailVC+CollectionView.swift */; };
		A02501932805B6AA001F602E /* PicDetailCollectionViewCell.swift in Sources */ = {isa = PBXBuildFile; fileRef = A02501922805B6AA001F602E /* PicDetailCollectionViewCell.swift */; };
		A02501952805B74E001F602E /* VideoVC+TableView.swift in Sources */ = {isa = PBXBuildFile; fileRef = A02501942805B74E001F602E /* VideoVC+TableView.swift */; };
		A02501982805B791001F602E /* VideoTableViewCell.swift in Sources */ = {isa = PBXBuildFile; fileRef = A02501972805B791001F602E /* VideoTableViewCell.swift */; };
		A025019A2805B88B001F602E /* TweetsVC+TableView.swift in Sources */ = {isa = PBXBuildFile; fileRef = A02501992805B88B001F602E /* TweetsVC+TableView.swift */; };
		A025019E2805B8DC001F602E /* TweetsTableViewCell.swift in Sources */ = {isa = PBXBuildFile; fileRef = A025019D2805B8DC001F602E /* TweetsTableViewCell.swift */; };
		A0861ADA28041703006FB92F /* ChildDataModel.swift in Sources */ = {isa = PBXBuildFile; fileRef = A0861AD928041703006FB92F /* ChildDataModel.swift */; };
		A0861ADD2804246C006FB92F /* Design in Resources */ = {isa = PBXBuildFile; fileRef = A0861ADC2804246C006FB92F /* Design */; };
		A09654A828020C560028E51D /* ChildAddDataViewController.swift in Sources */ = {isa = PBXBuildFile; fileRef = A09654A728020C560028E51D /* ChildAddDataViewController.swift */; };
		A09654AD280278670028E51D /* ChildAddData+Delegate.swift in Sources */ = {isa = PBXBuildFile; fileRef = A09654AC280278670028E51D /* ChildAddData+Delegate.swift */; };
		A0C1B3E82806BE28005A2B18 /* MediaCenterViewController.swift in Sources */ = {isa = PBXBuildFile; fileRef = A0C1B3E72806BE28005A2B18 /* MediaCenterViewController.swift */; };
		A0C1B3EA2806E0AC005A2B18 /* TabsModel.swift in Sources */ = {isa = PBXBuildFile; fileRef = A0C1B3E92806E0AC005A2B18 /* TabsModel.swift */; };
		A0C1B3EC2806E3F1005A2B18 /* NewsModel.swift in Sources */ = {isa = PBXBuildFile; fileRef = A0C1B3EB2806E3F1005A2B18 /* NewsModel.swift */; };
		A0F177EE28083E9B003421F8 /* VideosModel.swift in Sources */ = {isa = PBXBuildFile; fileRef = A0F177ED28083E9B003421F8 /* VideosModel.swift */; };
		A0F2C7A0280583EB00A1F9A9 /* NewsViewController.swift in Sources */ = {isa = PBXBuildFile; fileRef = A0F2C79F280583EB00A1F9A9 /* NewsViewController.swift */; };
		A0F2C7A428058ADB00A1F9A9 /* NewsVC+TableView.swift in Sources */ = {isa = PBXBuildFile; fileRef = A0F2C7A328058ADB00A1F9A9 /* NewsVC+TableView.swift */; };
		A0F2C7A628058B1800A1F9A9 /* MediaCenterTableViewCell.swift in Sources */ = {isa = PBXBuildFile; fileRef = A0F2C7A528058B1800A1F9A9 /* MediaCenterTableViewCell.swift */; };
		A0F2C7A828058BD200A1F9A9 /* MediaCenterModel.swift in Sources */ = {isa = PBXBuildFile; fileRef = A0F2C7A728058BD200A1F9A9 /* MediaCenterModel.swift */; };
		A0F2C7AA28058F9200A1F9A9 /* Lang in Resources */ = {isa = PBXBuildFile; fileRef = A0F2C7A928058F9200A1F9A9 /* Lang */; };
		A0F2C7AF2805944D00A1F9A9 /* Localizable.strings in Resources */ = {isa = PBXBuildFile; fileRef = A0F2C7B12805944D00A1F9A9 /* Localizable.strings */; };
		A0F2C7B428059D0B00A1F9A9 /* DescriptionViewController.swift in Sources */ = {isa = PBXBuildFile; fileRef = A0F2C7B328059D0B00A1F9A9 /* DescriptionViewController.swift */; };
		A0FA81B127FAD2900046C338 /* AppDelegate.swift in Sources */ = {isa = PBXBuildFile; fileRef = A0FA81B027FAD2900046C338 /* AppDelegate.swift */; };
		A0FA81B327FAD2900046C338 /* SceneDelegate.swift in Sources */ = {isa = PBXBuildFile; fileRef = A0FA81B227FAD2900046C338 /* SceneDelegate.swift */; };
		A0FA81B527FAD2900046C338 /* ViewController.swift in Sources */ = {isa = PBXBuildFile; fileRef = A0FA81B427FAD2900046C338 /* ViewController.swift */; };
		A0FA81B827FAD2900046C338 /* Main.storyboard in Resources */ = {isa = PBXBuildFile; fileRef = A0FA81B627FAD2900046C338 /* Main.storyboard */; };
		A0FA81BA27FAD2920046C338 /* Assets.xcassets in Resources */ = {isa = PBXBuildFile; fileRef = A0FA81B927FAD2920046C338 /* Assets.xcassets */; };
		A0FA81BD27FAD2920046C338 /* LaunchScreen.storyboard in Resources */ = {isa = PBXBuildFile; fileRef = A0FA81BB27FAD2920046C338 /* LaunchScreen.storyboard */; };
		A0FA81C827FAD2930046C338 /* SportexcProjectTests.swift in Sources */ = {isa = PBXBuildFile; fileRef = A0FA81C727FAD2930046C338 /* SportexcProjectTests.swift */; };
		A0FA81D227FAD2930046C338 /* SportexcProjectUITests.swift in Sources */ = {isa = PBXBuildFile; fileRef = A0FA81D127FAD2930046C338 /* SportexcProjectUITests.swift */; };
		A0FA81D427FAD2930046C338 /* SportexcProjectUITestsLaunchTests.swift in Sources */ = {isa = PBXBuildFile; fileRef = A0FA81D327FAD2930046C338 /* SportexcProjectUITestsLaunchTests.swift */; };
		A0FA81E427FAE72D0046C338 /* SubscriptionViewController.swift in Sources */ = {isa = PBXBuildFile; fileRef = A0FA81E327FAE72D0046C338 /* SubscriptionViewController.swift */; };
		A0FA81E727FAE7660046C338 /* SubscriptionVC+TableView.swift in Sources */ = {isa = PBXBuildFile; fileRef = A0FA81E627FAE7660046C338 /* SubscriptionVC+TableView.swift */; };
		A0FA81EA27FAE8FF0046C338 /* SubscriptionTableViewCell.swift in Sources */ = {isa = PBXBuildFile; fileRef = A0FA81E927FAE8FF0046C338 /* SubscriptionTableViewCell.swift */; };
		A0FA81ED27FAF72C0046C338 /* Request.swift in Sources */ = {isa = PBXBuildFile; fileRef = A0FA81EC27FAF72C0046C338 /* Request.swift */; };
		A0FF801627FB0C6D004D8B71 /* StatusModel.swift in Sources */ = {isa = PBXBuildFile; fileRef = A0FF801527FB0C6D004D8B71 /* StatusModel.swift */; };
		A0FF801A27FC46EB004D8B71 /* CurrentSubscriptionsModel.swift in Sources */ = {isa = PBXBuildFile; fileRef = A0FF801927FC46EB004D8B71 /* CurrentSubscriptionsModel.swift */; };
/* End PBXBuildFile section */

/* Begin PBXContainerItemProxy section */
		A0FA81C427FAD2930046C338 /* PBXContainerItemProxy */ = {
			isa = PBXContainerItemProxy;
			containerPortal = A0FA81A527FAD2900046C338 /* Project object */;
			proxyType = 1;
			remoteGlobalIDString = A0FA81AC27FAD2900046C338;
			remoteInfo = SportexcProject;
		};
		A0FA81CE27FAD2930046C338 /* PBXContainerItemProxy */ = {
			isa = PBXContainerItemProxy;
			containerPortal = A0FA81A527FAD2900046C338 /* Project object */;
			proxyType = 1;
			remoteGlobalIDString = A0FA81AC27FAD2900046C338;
			remoteInfo = SportexcProject;
		};
/* End PBXContainerItemProxy section */

/* Begin PBXFileReference section */
		399F87B9C31B1FA15A8020CA /* Pods-SportexcProject-SportexcProjectUITests.debug.xcconfig */ = {isa = PBXFileReference; includeInIndex = 1; lastKnownFileType = text.xcconfig; name = "Pods-SportexcProject-SportexcProjectUITests.debug.xcconfig"; path = "Target Support Files/Pods-SportexcProject-SportexcProjectUITests/Pods-SportexcProject-SportexcProjectUITests.debug.xcconfig"; sourceTree = "<group>"; };
		3C75DB3DD2DA7EAA11B94D67 /* Pods-SportexcProject.release.xcconfig */ = {isa = PBXFileReference; includeInIndex = 1; lastKnownFileType = text.xcconfig; name = "Pods-SportexcProject.release.xcconfig"; path = "Target Support Files/Pods-SportexcProject/Pods-SportexcProject.release.xcconfig"; sourceTree = "<group>"; };
		498C23DE0ED8ABBD5B526D51 /* Pods_SportexcProject.framework */ = {isa = PBXFileReference; explicitFileType = wrapper.framework; includeInIndex = 0; path = Pods_SportexcProject.framework; sourceTree = BUILT_PRODUCTS_DIR; };
		5D02E447F7DCD79A9B140EF0 /* Pods-SportexcProject.debug.xcconfig */ = {isa = PBXFileReference; includeInIndex = 1; lastKnownFileType = text.xcconfig; name = "Pods-SportexcProject.debug.xcconfig"; path = "Target Support Files/Pods-SportexcProject/Pods-SportexcProject.debug.xcconfig"; sourceTree = "<group>"; };
		6C12F79E9C2E42336787DE97 /* Pods_SportexcProject_SportexcProjectUITests.framework */ = {isa = PBXFileReference; explicitFileType = wrapper.framework; includeInIndex = 0; path = Pods_SportexcProject_SportexcProjectUITests.framework; sourceTree = BUILT_PRODUCTS_DIR; };
		7299C0F41361099CB0C169F2 /* Pods-SportexcProjectTests.debug.xcconfig */ = {isa = PBXFileReference; includeInIndex = 1; lastKnownFileType = text.xcconfig; name = "Pods-SportexcProjectTests.debug.xcconfig"; path = "Target Support Files/Pods-SportexcProjectTests/Pods-SportexcProjectTests.debug.xcconfig"; sourceTree = "<group>"; };
		88539254F891724C3B941484 /* Pods_SportexcProjectTests.framework */ = {isa = PBXFileReference; explicitFileType = wrapper.framework; includeInIndex = 0; path = Pods_SportexcProjectTests.framework; sourceTree = BUILT_PRODUCTS_DIR; };
		8C3FC0A7A106BF6A0B895F56 /* Pods-SportexcProjectTests.release.xcconfig */ = {isa = PBXFileReference; includeInIndex = 1; lastKnownFileType = text.xcconfig; name = "Pods-SportexcProjectTests.release.xcconfig"; path = "Target Support Files/Pods-SportexcProjectTests/Pods-SportexcProjectTests.release.xcconfig"; sourceTree = "<group>"; };
		95F8D1DC471A6D6520FE3C17 /* Pods-SportexcProject-SportexcProjectUITests.release.xcconfig */ = {isa = PBXFileReference; includeInIndex = 1; lastKnownFileType = text.xcconfig; name = "Pods-SportexcProject-SportexcProjectUITests.release.xcconfig"; path = "Target Support Files/Pods-SportexcProject-SportexcProjectUITests/Pods-SportexcProject-SportexcProjectUITests.release.xcconfig"; sourceTree = "<group>"; };
		A003993D2806F24F00D8DF5E /* NewsDetailModel.swift */ = {isa = PBXFileReference; lastKnownFileType = sourcecode.swift; path = NewsDetailModel.swift; sourceTree = "<group>"; };
		A003993F2806F91B00D8DF5E /* PicturesModel.swift */ = {isa = PBXFileReference; lastKnownFileType = sourcecode.swift; path = PicturesModel.swift; sourceTree = "<group>"; };
		A00399412806FD9100D8DF5E /* PicturesDetailModel.swift */ = {isa = PBXFileReference; lastKnownFileType = sourcecode.swift; path = PicturesDetailModel.swift; sourceTree = "<group>"; };
		A02501732805B354001F602E /* PicturesViewController.swift */ = {isa = PBXFileReference; lastKnownFileType = sourcecode.swift; path = PicturesViewController.swift; sourceTree = "<group>"; };
		A02501752805B3B1001F602E /* PicDetailViewController.swift */ = {isa = PBXFileReference; lastKnownFileType = sourcecode.swift; path = PicDetailViewController.swift; sourceTree = "<group>"; };
		A02501772805B3DA001F602E /* ShowPicViewController.swift */ = {isa = PBXFileReference; lastKnownFileType = sourcecode.swift; path = ShowPicViewController.swift; sourceTree = "<group>"; };
		A025017D2805B418001F602E /* VideoViewController.swift */ = {isa = PBXFileReference; lastKnownFileType = sourcecode.swift; path = VideoViewController.swift; sourceTree = "<group>"; };
		A02501832805B457001F602E /* TweetsViewController.swift */ = {isa = PBXFileReference; lastKnownFileType = sourcecode.swift; path = TweetsViewController.swift; sourceTree = "<group>"; };
		A025018B2805B5BA001F602E /* PicturesVC+TableView.swift */ = {isa = PBXFileReference; lastKnownFileType = sourcecode.swift; path = "PicturesVC+TableView.swift"; sourceTree = "<group>"; };
		A025018E2805B5EB001F602E /* PicturesTableViewCell.swift */ = {isa = PBXFileReference; lastKnownFileType = sourcecode.swift; path = PicturesTableViewCell.swift; sourceTree = "<group>"; };
		A02501902805B674001F602E /* PicDetailVC+CollectionView.swift */ = {isa = PBXFileReference; lastKnownFileType = sourcecode.swift; path = "PicDetailVC+CollectionView.swift"; sourceTree = "<group>"; };
		A02501922805B6AA001F602E /* PicDetailCollectionViewCell.swift */ = {isa = PBXFileReference; lastKnownFileType = sourcecode.swift; path = PicDetailCollectionViewCell.swift; sourceTree = "<group>"; };
		A02501942805B74E001F602E /* VideoVC+TableView.swift */ = {isa = PBXFileReference; lastKnownFileType = sourcecode.swift; path = "VideoVC+TableView.swift"; sourceTree = "<group>"; };
		A02501972805B791001F602E /* VideoTableViewCell.swift */ = {isa = PBXFileReference; lastKnownFileType = sourcecode.swift; path = VideoTableViewCell.swift; sourceTree = "<group>"; };
		A02501992805B88B001F602E /* TweetsVC+TableView.swift */ = {isa = PBXFileReference; lastKnownFileType = sourcecode.swift; path = "TweetsVC+TableView.swift"; sourceTree = "<group>"; };
		A025019D2805B8DC001F602E /* TweetsTableViewCell.swift */ = {isa = PBXFileReference; lastKnownFileType = sourcecode.swift; path = TweetsTableViewCell.swift; sourceTree = "<group>"; };
		A0861AD928041703006FB92F /* ChildDataModel.swift */ = {isa = PBXFileReference; lastKnownFileType = sourcecode.swift; path = ChildDataModel.swift; sourceTree = "<group>"; };
		A0861ADC2804246C006FB92F /* Design */ = {isa = PBXFileReference; lastKnownFileType = folder; path = Design; sourceTree = "<group>"; };
		A09654A728020C560028E51D /* ChildAddDataViewController.swift */ = {isa = PBXFileReference; lastKnownFileType = sourcecode.swift; path = ChildAddDataViewController.swift; sourceTree = "<group>"; };
		A09654AC280278670028E51D /* ChildAddData+Delegate.swift */ = {isa = PBXFileReference; lastKnownFileType = sourcecode.swift; path = "ChildAddData+Delegate.swift"; sourceTree = "<group>"; };
		A0C1B3E72806BE28005A2B18 /* MediaCenterViewController.swift */ = {isa = PBXFileReference; lastKnownFileType = sourcecode.swift; path = MediaCenterViewController.swift; sourceTree = "<group>"; };
		A0C1B3E92806E0AC005A2B18 /* TabsModel.swift */ = {isa = PBXFileReference; lastKnownFileType = sourcecode.swift; path = TabsModel.swift; sourceTree = "<group>"; };
		A0C1B3EB2806E3F1005A2B18 /* NewsModel.swift */ = {isa = PBXFileReference; lastKnownFileType = sourcecode.swift; path = NewsModel.swift; sourceTree = "<group>"; };
		A0F177ED28083E9B003421F8 /* VideosModel.swift */ = {isa = PBXFileReference; lastKnownFileType = sourcecode.swift; path = VideosModel.swift; sourceTree = "<group>"; };
		A0F2C79F280583EB00A1F9A9 /* NewsViewController.swift */ = {isa = PBXFileReference; lastKnownFileType = sourcecode.swift; path = NewsViewController.swift; sourceTree = "<group>"; };
		A0F2C7A328058ADB00A1F9A9 /* NewsVC+TableView.swift */ = {isa = PBXFileReference; lastKnownFileType = sourcecode.swift; path = "NewsVC+TableView.swift"; sourceTree = "<group>"; };
		A0F2C7A528058B1800A1F9A9 /* MediaCenterTableViewCell.swift */ = {isa = PBXFileReference; lastKnownFileType = sourcecode.swift; path = MediaCenterTableViewCell.swift; sourceTree = "<group>"; };
		A0F2C7A728058BD200A1F9A9 /* MediaCenterModel.swift */ = {isa = PBXFileReference; lastKnownFileType = sourcecode.swift; path = MediaCenterModel.swift; sourceTree = "<group>"; };
		A0F2C7A928058F9200A1F9A9 /* Lang */ = {isa = PBXFileReference; lastKnownFileType = folder; path = Lang; sourceTree = "<group>"; };
		A0F2C7AB280593A300A1F9A9 /* ar */ = {isa = PBXFileReference; lastKnownFileType = text.plist.strings; name = ar; path = ar.lproj/Main.strings; sourceTree = "<group>"; };
		A0F2C7AC280593A400A1F9A9 /* ar */ = {isa = PBXFileReference; lastKnownFileType = text.plist.strings; name = ar; path = ar.lproj/LaunchScreen.strings; sourceTree = "<group>"; };
		A0F2C7B02805944D00A1F9A9 /* ar */ = {isa = PBXFileReference; lastKnownFileType = text.plist.strings; name = ar; path = ar.lproj/Localizable.strings; sourceTree = "<group>"; };
		A0F2C7B2280594DA00A1F9A9 /* en */ = {isa = PBXFileReference; lastKnownFileType = text.plist.strings; name = en; path = en.lproj/Localizable.strings; sourceTree = "<group>"; };
		A0F2C7B328059D0B00A1F9A9 /* DescriptionViewController.swift */ = {isa = PBXFileReference; lastKnownFileType = sourcecode.swift; path = DescriptionViewController.swift; sourceTree = "<group>"; };
		A0FA81AD27FAD2900046C338 /* SportexcProject.app */ = {isa = PBXFileReference; explicitFileType = wrapper.application; includeInIndex = 0; path = SportexcProject.app; sourceTree = BUILT_PRODUCTS_DIR; };
		A0FA81B027FAD2900046C338 /* AppDelegate.swift */ = {isa = PBXFileReference; lastKnownFileType = sourcecode.swift; path = AppDelegate.swift; sourceTree = "<group>"; };
		A0FA81B227FAD2900046C338 /* SceneDelegate.swift */ = {isa = PBXFileReference; lastKnownFileType = sourcecode.swift; path = SceneDelegate.swift; sourceTree = "<group>"; };
		A0FA81B427FAD2900046C338 /* ViewController.swift */ = {isa = PBXFileReference; lastKnownFileType = sourcecode.swift; path = ViewController.swift; sourceTree = "<group>"; };
		A0FA81B727FAD2900046C338 /* Base */ = {isa = PBXFileReference; lastKnownFileType = file.storyboard; name = Base; path = Base.lproj/Main.storyboard; sourceTree = "<group>"; };
		A0FA81B927FAD2920046C338 /* Assets.xcassets */ = {isa = PBXFileReference; lastKnownFileType = folder.assetcatalog; path = Assets.xcassets; sourceTree = "<group>"; };
		A0FA81BC27FAD2920046C338 /* Base */ = {isa = PBXFileReference; lastKnownFileType = file.storyboard; name = Base; path = Base.lproj/LaunchScreen.storyboard; sourceTree = "<group>"; };
		A0FA81BE27FAD2920046C338 /* Info.plist */ = {isa = PBXFileReference; lastKnownFileType = text.plist.xml; path = Info.plist; sourceTree = "<group>"; };
		A0FA81C327FAD2930046C338 /* SportexcProjectTests.xctest */ = {isa = PBXFileReference; explicitFileType = wrapper.cfbundle; includeInIndex = 0; path = SportexcProjectTests.xctest; sourceTree = BUILT_PRODUCTS_DIR; };
		A0FA81C727FAD2930046C338 /* SportexcProjectTests.swift */ = {isa = PBXFileReference; lastKnownFileType = sourcecode.swift; path = SportexcProjectTests.swift; sourceTree = "<group>"; };
		A0FA81CD27FAD2930046C338 /* SportexcProjectUITests.xctest */ = {isa = PBXFileReference; explicitFileType = wrapper.cfbundle; includeInIndex = 0; path = SportexcProjectUITests.xctest; sourceTree = BUILT_PRODUCTS_DIR; };
		A0FA81D127FAD2930046C338 /* SportexcProjectUITests.swift */ = {isa = PBXFileReference; lastKnownFileType = sourcecode.swift; path = SportexcProjectUITests.swift; sourceTree = "<group>"; };
		A0FA81D327FAD2930046C338 /* SportexcProjectUITestsLaunchTests.swift */ = {isa = PBXFileReference; lastKnownFileType = sourcecode.swift; path = SportexcProjectUITestsLaunchTests.swift; sourceTree = "<group>"; };
		A0FA81E327FAE72D0046C338 /* SubscriptionViewController.swift */ = {isa = PBXFileReference; lastKnownFileType = sourcecode.swift; path = SubscriptionViewController.swift; sourceTree = "<group>"; };
		A0FA81E627FAE7660046C338 /* SubscriptionVC+TableView.swift */ = {isa = PBXFileReference; lastKnownFileType = sourcecode.swift; path = "SubscriptionVC+TableView.swift"; sourceTree = "<group>"; };
		A0FA81E927FAE8FF0046C338 /* SubscriptionTableViewCell.swift */ = {isa = PBXFileReference; lastKnownFileType = sourcecode.swift; path = SubscriptionTableViewCell.swift; sourceTree = "<group>"; };
		A0FA81EC27FAF72C0046C338 /* Request.swift */ = {isa = PBXFileReference; lastKnownFileType = sourcecode.swift; path = Request.swift; sourceTree = "<group>"; };
		A0FF801527FB0C6D004D8B71 /* StatusModel.swift */ = {isa = PBXFileReference; lastKnownFileType = sourcecode.swift; path = StatusModel.swift; sourceTree = "<group>"; };
		A0FF801927FC46EB004D8B71 /* CurrentSubscriptionsModel.swift */ = {isa = PBXFileReference; lastKnownFileType = sourcecode.swift; path = CurrentSubscriptionsModel.swift; sourceTree = "<group>"; };
/* End PBXFileReference section */

/* Begin PBXFrameworksBuildPhase section */
		A0FA81AA27FAD2900046C338 /* Frameworks */ = {
			isa = PBXFrameworksBuildPhase;
			buildActionMask = 2147483647;
			files = (
				6ED9D40DF347B95B5EF6FB42 /* Pods_SportexcProject.framework in Frameworks */,
			);
			runOnlyForDeploymentPostprocessing = 0;
		};
		A0FA81C027FAD2930046C338 /* Frameworks */ = {
			isa = PBXFrameworksBuildPhase;
			buildActionMask = 2147483647;
			files = (
				9B4C1C392BA6DF16B85E506C /* Pods_SportexcProjectTests.framework in Frameworks */,
			);
			runOnlyForDeploymentPostprocessing = 0;
		};
		A0FA81CA27FAD2930046C338 /* Frameworks */ = {
			isa = PBXFrameworksBuildPhase;
			buildActionMask = 2147483647;
			files = (
				30367FE464314FCB9199C437 /* Pods_SportexcProject_SportexcProjectUITests.framework in Frameworks */,
			);
			runOnlyForDeploymentPostprocessing = 0;
		};
/* End PBXFrameworksBuildPhase section */

/* Begin PBXGroup section */
		29C744092EFDC30C3AA321B7 /* Frameworks */ = {
			isa = PBXGroup;
			children = (
				498C23DE0ED8ABBD5B526D51 /* Pods_SportexcProject.framework */,
				6C12F79E9C2E42336787DE97 /* Pods_SportexcProject_SportexcProjectUITests.framework */,
				88539254F891724C3B941484 /* Pods_SportexcProjectTests.framework */,
			);
			name = Frameworks;
			sourceTree = "<group>";
		};
		7A5882B248E0913842EBDF1D /* Pods */ = {
			isa = PBXGroup;
			children = (
				5D02E447F7DCD79A9B140EF0 /* Pods-SportexcProject.debug.xcconfig */,
				3C75DB3DD2DA7EAA11B94D67 /* Pods-SportexcProject.release.xcconfig */,
				399F87B9C31B1FA15A8020CA /* Pods-SportexcProject-SportexcProjectUITests.debug.xcconfig */,
				95F8D1DC471A6D6520FE3C17 /* Pods-SportexcProject-SportexcProjectUITests.release.xcconfig */,
				7299C0F41361099CB0C169F2 /* Pods-SportexcProjectTests.debug.xcconfig */,
				8C3FC0A7A106BF6A0B895F56 /* Pods-SportexcProjectTests.release.xcconfig */,
			);
			path = Pods;
			sourceTree = "<group>";
		};
		A025016D2805B2C2001F602E /* News */ = {
			isa = PBXGroup;
			children = (
				A0F2C79D280583C200A1F9A9 /* Controller */,
				A0F2C7A228058AA100A1F9A9 /* Cells */,
				A0F2C79E280583CE00A1F9A9 /* Model */,
				A025016E2805B2D2001F602E /* Extentions */,
			);
			path = News;
			sourceTree = "<group>";
		};
		A025016E2805B2D2001F602E /* Extentions */ = {
			isa = PBXGroup;
			children = (
				A0F2C7A328058ADB00A1F9A9 /* NewsVC+TableView.swift */,
			);
			path = Extentions;
			sourceTree = "<group>";
		};
		A025016F2805B319001F602E /* Pictures */ = {
			isa = PBXGroup;
			children = (
				A025018D2805B5D3001F602E /* Cells */,
				A02501722805B330001F602E /* Extentions */,
				A02501712805B32A001F602E /* Controller */,
				A02501702805B323001F602E /* Model */,
			);
			path = Pictures;
			sourceTree = "<group>";
		};
		A02501702805B323001F602E /* Model */ = {
			isa = PBXGroup;
			children = (
				A003993F2806F91B00D8DF5E /* PicturesModel.swift */,
				A00399412806FD9100D8DF5E /* PicturesDetailModel.swift */,
			);
			path = Model;
			sourceTree = "<group>";
		};
		A02501712805B32A001F602E /* Controller */ = {
			isa = PBXGroup;
			children = (
				A02501732805B354001F602E /* PicturesViewController.swift */,
				A02501752805B3B1001F602E /* PicDetailViewController.swift */,
				A02501772805B3DA001F602E /* ShowPicViewController.swift */,
			);
			path = Controller;
			sourceTree = "<group>";
		};
		A02501722805B330001F602E /* Extentions */ = {
			isa = PBXGroup;
			children = (
				A025018B2805B5BA001F602E /* PicturesVC+TableView.swift */,
				A02501902805B674001F602E /* PicDetailVC+CollectionView.swift */,
			);
			path = Extentions;
			sourceTree = "<group>";
		};
		A02501792805B3F1001F602E /* Videos */ = {
			isa = PBXGroup;
			children = (
				A02501962805B772001F602E /* Cells */,
				A025017C2805B406001F602E /* Extentions */,
				A025017B2805B400001F602E /* Controller */,
				A025017A2805B3FA001F602E /* Model */,
			);
			path = Videos;
			sourceTree = "<group>";
		};
		A025017A2805B3FA001F602E /* Model */ = {
			isa = PBXGroup;
			children = (
				A0F177ED28083E9B003421F8 /* VideosModel.swift */,
			);
			path = Model;
			sourceTree = "<group>";
		};
		A025017B2805B400001F602E /* Controller */ = {
			isa = PBXGroup;
			children = (
				A025017D2805B418001F602E /* VideoViewController.swift */,
			);
			path = Controller;
			sourceTree = "<group>";
		};
		A025017C2805B406001F602E /* Extentions */ = {
			isa = PBXGroup;
			children = (
				A02501942805B74E001F602E /* VideoVC+TableView.swift */,
			);
			path = Extentions;
			sourceTree = "<group>";
		};
		A025017F2805B431001F602E /* Tweets */ = {
			isa = PBXGroup;
			children = (
				A025019C2805B8C7001F602E /* Cells */,
				A02501822805B448001F602E /* Extentions */,
				A02501812805B441001F602E /* Model */,
				A02501802805B43A001F602E /* Controller */,
			);
			path = Tweets;
			sourceTree = "<group>";
		};
		A02501802805B43A001F602E /* Controller */ = {
			isa = PBXGroup;
			children = (
				A02501832805B457001F602E /* TweetsViewController.swift */,
			);
			path = Controller;
			sourceTree = "<group>";
		};
		A02501812805B441001F602E /* Model */ = {
			isa = PBXGroup;
			children = (
			);
			path = Model;
			sourceTree = "<group>";
		};
		A02501822805B448001F602E /* Extentions */ = {
			isa = PBXGroup;
			children = (
				A025019B2805B892001F602E /* Loclization */,
				A02501992805B88B001F602E /* TweetsVC+TableView.swift */,
			);
			path = Extentions;
			sourceTree = "<group>";
		};
		A025018D2805B5D3001F602E /* Cells */ = {
			isa = PBXGroup;
			children = (
				A025018E2805B5EB001F602E /* PicturesTableViewCell.swift */,
				A02501922805B6AA001F602E /* PicDetailCollectionViewCell.swift */,
			);
			path = Cells;
			sourceTree = "<group>";
		};
		A02501962805B772001F602E /* Cells */ = {
			isa = PBXGroup;
			children = (
				A02501972805B791001F602E /* VideoTableViewCell.swift */,
			);
			path = Cells;
			sourceTree = "<group>";
		};
		A025019B2805B892001F602E /* Loclization */ = {
			isa = PBXGroup;
			children = (
			);
			path = Loclization;
			sourceTree = "<group>";
		};
		A025019C2805B8C7001F602E /* Cells */ = {
			isa = PBXGroup;
			children = (
				A025019D2805B8DC001F602E /* TweetsTableViewCell.swift */,
			);
			path = Cells;
			sourceTree = "<group>";
		};
		A0861ADB280423AA006FB92F /* Extentions */ = {
			isa = PBXGroup;
			children = (
				A0F2C7A928058F9200A1F9A9 /* Lang */,
				A0861ADC2804246C006FB92F /* Design */,
			);
			path = Extentions;
			sourceTree = "<group>";
		};
		A09654AB280278520028E51D /* ExtentionsDelegate */ = {
			isa = PBXGroup;
			children = (
				A09654AC280278670028E51D /* ChildAddData+Delegate.swift */,
				A0FA81E627FAE7660046C338 /* SubscriptionVC+TableView.swift */,
			);
			path = ExtentionsDelegate;
			sourceTree = "<group>";
		};
		A0C1B3E42806BD9A005A2B18 /* MediaCenter */ = {
			isa = PBXGroup;
			children = (
				A0C1B3E62806BDAC005A2B18 /* Controller */,
				A0C1B3E52806BDA6005A2B18 /* Model */,
			);
			path = MediaCenter;
			sourceTree = "<group>";
		};
		A0C1B3E52806BDA6005A2B18 /* Model */ = {
			isa = PBXGroup;
			children = (
				A0C1B3E92806E0AC005A2B18 /* TabsModel.swift */,
			);
			path = Model;
			sourceTree = "<group>";
		};
		A0C1B3E62806BDAC005A2B18 /* Controller */ = {
			isa = PBXGroup;
			children = (
				A0C1B3E72806BE28005A2B18 /* MediaCenterViewController.swift */,
			);
			path = Controller;
			sourceTree = "<group>";
		};
		A0F2C79C280583A500A1F9A9 /* EtihadProject */ = {
			isa = PBXGroup;
			children = (
				A0C1B3E42806BD9A005A2B18 /* MediaCenter */,
				A025017F2805B431001F602E /* Tweets */,
				A02501792805B3F1001F602E /* Videos */,
				A025016F2805B319001F602E /* Pictures */,
				A025016D2805B2C2001F602E /* News */,
				A0F2C7A128058A9400A1F9A9 /* Extentions */,
			);
			path = EtihadProject;
			sourceTree = "<group>";
		};
		A0F2C79D280583C200A1F9A9 /* Controller */ = {
			isa = PBXGroup;
			children = (
				A0F2C79F280583EB00A1F9A9 /* NewsViewController.swift */,
				A0F2C7B328059D0B00A1F9A9 /* DescriptionViewController.swift */,
			);
			path = Controller;
			sourceTree = "<group>";
		};
		A0F2C79E280583CE00A1F9A9 /* Model */ = {
			isa = PBXGroup;
			children = (
				A0F2C7A728058BD200A1F9A9 /* MediaCenterModel.swift */,
				A0C1B3EB2806E3F1005A2B18 /* NewsModel.swift */,
				A003993D2806F24F00D8DF5E /* NewsDetailModel.swift */,
			);
			path = Model;
			sourceTree = "<group>";
		};
		A0F2C7A128058A9400A1F9A9 /* Extentions */ = {
			isa = PBXGroup;
			children = (
				A0F2C7B12805944D00A1F9A9 /* Localizable.strings */,
			);
			path = Extentions;
			sourceTree = "<group>";
		};
		A0F2C7A228058AA100A1F9A9 /* Cells */ = {
			isa = PBXGroup;
			children = (
				A0F2C7A528058B1800A1F9A9 /* MediaCenterTableViewCell.swift */,
			);
			path = Cells;
			sourceTree = "<group>";
		};
		A0FA81A427FAD2900046C338 = {
			isa = PBXGroup;
			children = (
				A0FA81AF27FAD2900046C338 /* SportexcProject */,
				A0FA81C627FAD2930046C338 /* SportexcProjectTests */,
				A0FA81D027FAD2930046C338 /* SportexcProjectUITests */,
				A0FA81AE27FAD2900046C338 /* Products */,
				7A5882B248E0913842EBDF1D /* Pods */,
				29C744092EFDC30C3AA321B7 /* Frameworks */,
			);
			sourceTree = "<group>";
		};
		A0FA81AE27FAD2900046C338 /* Products */ = {
			isa = PBXGroup;
			children = (
				A0FA81AD27FAD2900046C338 /* SportexcProject.app */,
				A0FA81C327FAD2930046C338 /* SportexcProjectTests.xctest */,
				A0FA81CD27FAD2930046C338 /* SportexcProjectUITests.xctest */,
			);
			name = Products;
			sourceTree = "<group>";
		};
		A0FA81AF27FAD2900046C338 /* SportexcProject */ = {
			isa = PBXGroup;
			children = (
				A0F2C79C280583A500A1F9A9 /* EtihadProject */,
				A0861ADB280423AA006FB92F /* Extentions */,
				A0FA81EB27FAF7080046C338 /* SupportedFiles */,
				A0FA81E827FAE8E60046C338 /* Cells */,
				A0FA81E227FADD6D0046C338 /* Controller */,
				A0FA81E127FADD680046C338 /* Model */,
				A0FA81E027FADD630046C338 /* View */,
				A0FA81B027FAD2900046C338 /* AppDelegate.swift */,
				A0FA81B227FAD2900046C338 /* SceneDelegate.swift */,
				A0FA81B427FAD2900046C338 /* ViewController.swift */,
				A0FA81B927FAD2920046C338 /* Assets.xcassets */,
				A0FA81BB27FAD2920046C338 /* LaunchScreen.storyboard */,
				A0FA81BE27FAD2920046C338 /* Info.plist */,
			);
			path = SportexcProject;
			sourceTree = "<group>";
		};
		A0FA81C627FAD2930046C338 /* SportexcProjectTests */ = {
			isa = PBXGroup;
			children = (
				A0FA81C727FAD2930046C338 /* SportexcProjectTests.swift */,
			);
			path = SportexcProjectTests;
			sourceTree = "<group>";
		};
		A0FA81D027FAD2930046C338 /* SportexcProjectUITests */ = {
			isa = PBXGroup;
			children = (
				A0FA81D127FAD2930046C338 /* SportexcProjectUITests.swift */,
				A0FA81D327FAD2930046C338 /* SportexcProjectUITestsLaunchTests.swift */,
			);
			path = SportexcProjectUITests;
			sourceTree = "<group>";
		};
		A0FA81E027FADD630046C338 /* View */ = {
			isa = PBXGroup;
			children = (
				A0FA81B627FAD2900046C338 /* Main.storyboard */,
			);
			path = View;
			sourceTree = "<group>";
		};
		A0FA81E127FADD680046C338 /* Model */ = {
			isa = PBXGroup;
			children = (
				A0FF801527FB0C6D004D8B71 /* StatusModel.swift */,
				A0FF801927FC46EB004D8B71 /* CurrentSubscriptionsModel.swift */,
				A0861AD928041703006FB92F /* ChildDataModel.swift */,
			);
			path = Model;
			sourceTree = "<group>";
		};
		A0FA81E227FADD6D0046C338 /* Controller */ = {
			isa = PBXGroup;
			children = (
				A09654AB280278520028E51D /* ExtentionsDelegate */,
				A0FA81E327FAE72D0046C338 /* SubscriptionViewController.swift */,
				A09654A728020C560028E51D /* ChildAddDataViewController.swift */,
			);
			path = Controller;
			sourceTree = "<group>";
		};
		A0FA81E827FAE8E60046C338 /* Cells */ = {
			isa = PBXGroup;
			children = (
				A0FA81E927FAE8FF0046C338 /* SubscriptionTableViewCell.swift */,
			);
			path = Cells;
			sourceTree = "<group>";
		};
		A0FA81EB27FAF7080046C338 /* SupportedFiles */ = {
			isa = PBXGroup;
			children = (
				A0FA81EC27FAF72C0046C338 /* Request.swift */,
			);
			path = SupportedFiles;
			sourceTree = "<group>";
		};
/* End PBXGroup section */

/* Begin PBXNativeTarget section */
		A0FA81AC27FAD2900046C338 /* SportexcProject */ = {
			isa = PBXNativeTarget;
			buildConfigurationList = A0FA81D727FAD2930046C338 /* Build configuration list for PBXNativeTarget "SportexcProject" */;
			buildPhases = (
				3F97788FB70D7A947A3299E0 /* [CP] Check Pods Manifest.lock */,
				A0FA81A927FAD2900046C338 /* Sources */,
				A0FA81AA27FAD2900046C338 /* Frameworks */,
				A0FA81AB27FAD2900046C338 /* Resources */,
				A54B7D8AB383A76B631EA701 /* [CP] Embed Pods Frameworks */,
			);
			buildRules = (
			);
			dependencies = (
			);
			name = SportexcProject;
			productName = SportexcProject;
			productReference = A0FA81AD27FAD2900046C338 /* SportexcProject.app */;
			productType = "com.apple.product-type.application";
		};
		A0FA81C227FAD2930046C338 /* SportexcProjectTests */ = {
			isa = PBXNativeTarget;
			buildConfigurationList = A0FA81DA27FAD2930046C338 /* Build configuration list for PBXNativeTarget "SportexcProjectTests" */;
			buildPhases = (
				9D9B29B675E936D08E3ACA37 /* [CP] Check Pods Manifest.lock */,
				A0FA81BF27FAD2930046C338 /* Sources */,
				A0FA81C027FAD2930046C338 /* Frameworks */,
				A0FA81C127FAD2930046C338 /* Resources */,
			);
			buildRules = (
			);
			dependencies = (
				A0FA81C527FAD2930046C338 /* PBXTargetDependency */,
			);
			name = SportexcProjectTests;
			productName = SportexcProjectTests;
			productReference = A0FA81C327FAD2930046C338 /* SportexcProjectTests.xctest */;
			productType = "com.apple.product-type.bundle.unit-test";
		};
		A0FA81CC27FAD2930046C338 /* SportexcProjectUITests */ = {
			isa = PBXNativeTarget;
			buildConfigurationList = A0FA81DD27FAD2930046C338 /* Build configuration list for PBXNativeTarget "SportexcProjectUITests" */;
			buildPhases = (
				BA34CA3C096F3C6225C22225 /* [CP] Check Pods Manifest.lock */,
				A0FA81C927FAD2930046C338 /* Sources */,
				A0FA81CA27FAD2930046C338 /* Frameworks */,
				A0FA81CB27FAD2930046C338 /* Resources */,
				EDBBDFE0687F53ADAC5B7281 /* [CP] Embed Pods Frameworks */,
			);
			buildRules = (
			);
			dependencies = (
				A0FA81CF27FAD2930046C338 /* PBXTargetDependency */,
			);
			name = SportexcProjectUITests;
			productName = SportexcProjectUITests;
			productReference = A0FA81CD27FAD2930046C338 /* SportexcProjectUITests.xctest */;
			productType = "com.apple.product-type.bundle.ui-testing";
		};
/* End PBXNativeTarget section */

/* Begin PBXProject section */
		A0FA81A527FAD2900046C338 /* Project object */ = {
			isa = PBXProject;
			attributes = {
				BuildIndependentTargetsInParallel = 1;
				LastSwiftUpdateCheck = 1320;
				LastUpgradeCheck = 1320;
				TargetAttributes = {
					A0FA81AC27FAD2900046C338 = {
						CreatedOnToolsVersion = 13.2.1;
					};
					A0FA81C227FAD2930046C338 = {
						CreatedOnToolsVersion = 13.2.1;
						TestTargetID = A0FA81AC27FAD2900046C338;
					};
					A0FA81CC27FAD2930046C338 = {
						CreatedOnToolsVersion = 13.2.1;
						TestTargetID = A0FA81AC27FAD2900046C338;
					};
				};
			};
			buildConfigurationList = A0FA81A827FAD2900046C338 /* Build configuration list for PBXProject "SportexcProject" */;
			compatibilityVersion = "Xcode 13.0";
			developmentRegion = en;
			hasScannedForEncodings = 0;
			knownRegions = (
				en,
				Base,
				ar,
			);
			mainGroup = A0FA81A427FAD2900046C338;
			productRefGroup = A0FA81AE27FAD2900046C338 /* Products */;
			projectDirPath = "";
			projectRoot = "";
			targets = (
				A0FA81AC27FAD2900046C338 /* SportexcProject */,
				A0FA81C227FAD2930046C338 /* SportexcProjectTests */,
				A0FA81CC27FAD2930046C338 /* SportexcProjectUITests */,
			);
		};
/* End PBXProject section */

/* Begin PBXResourcesBuildPhase section */
		A0FA81AB27FAD2900046C338 /* Resources */ = {
			isa = PBXResourcesBuildPhase;
			buildActionMask = 2147483647;
			files = (
				A0861ADD2804246C006FB92F /* Design in Resources */,
				A0FA81BD27FAD2920046C338 /* LaunchScreen.storyboard in Resources */,
				A0FA81BA27FAD2920046C338 /* Assets.xcassets in Resources */,
				A0F2C7AA28058F9200A1F9A9 /* Lang in Resources */,
				A0FA81B827FAD2900046C338 /* Main.storyboard in Resources */,
				A0F2C7AF2805944D00A1F9A9 /* Localizable.strings in Resources */,
			);
			runOnlyForDeploymentPostprocessing = 0;
		};
		A0FA81C127FAD2930046C338 /* Resources */ = {
			isa = PBXResourcesBuildPhase;
			buildActionMask = 2147483647;
			files = (
			);
			runOnlyForDeploymentPostprocessing = 0;
		};
		A0FA81CB27FAD2930046C338 /* Resources */ = {
			isa = PBXResourcesBuildPhase;
			buildActionMask = 2147483647;
			files = (
			);
			runOnlyForDeploymentPostprocessing = 0;
		};
/* End PBXResourcesBuildPhase section */

/* Begin PBXShellScriptBuildPhase section */
		3F97788FB70D7A947A3299E0 /* [CP] Check Pods Manifest.lock */ = {
			isa = PBXShellScriptBuildPhase;
			buildActionMask = 2147483647;
			files = (
			);
			inputFileListPaths = (
			);
			inputPaths = (
				"${PODS_PODFILE_DIR_PATH}/Podfile.lock",
				"${PODS_ROOT}/Manifest.lock",
			);
			name = "[CP] Check Pods Manifest.lock";
			outputFileListPaths = (
			);
			outputPaths = (
				"$(DERIVED_FILE_DIR)/Pods-SportexcProject-checkManifestLockResult.txt",
			);
			runOnlyForDeploymentPostprocessing = 0;
			shellPath = /bin/sh;
			shellScript = "diff \"${PODS_PODFILE_DIR_PATH}/Podfile.lock\" \"${PODS_ROOT}/Manifest.lock\" > /dev/null\nif [ $? != 0 ] ; then\n    # print error to STDERR\n    echo \"error: The sandbox is not in sync with the Podfile.lock. Run 'pod install' or update your CocoaPods installation.\" >&2\n    exit 1\nfi\n# This output is used by Xcode 'outputs' to avoid re-running this script phase.\necho \"SUCCESS\" > \"${SCRIPT_OUTPUT_FILE_0}\"\n";
			showEnvVarsInLog = 0;
		};
		9D9B29B675E936D08E3ACA37 /* [CP] Check Pods Manifest.lock */ = {
			isa = PBXShellScriptBuildPhase;
			buildActionMask = 2147483647;
			files = (
			);
			inputFileListPaths = (
			);
			inputPaths = (
				"${PODS_PODFILE_DIR_PATH}/Podfile.lock",
				"${PODS_ROOT}/Manifest.lock",
			);
			name = "[CP] Check Pods Manifest.lock";
			outputFileListPaths = (
			);
			outputPaths = (
				"$(DERIVED_FILE_DIR)/Pods-SportexcProjectTests-checkManifestLockResult.txt",
			);
			runOnlyForDeploymentPostprocessing = 0;
			shellPath = /bin/sh;
			shellScript = "diff \"${PODS_PODFILE_DIR_PATH}/Podfile.lock\" \"${PODS_ROOT}/Manifest.lock\" > /dev/null\nif [ $? != 0 ] ; then\n    # print error to STDERR\n    echo \"error: The sandbox is not in sync with the Podfile.lock. Run 'pod install' or update your CocoaPods installation.\" >&2\n    exit 1\nfi\n# This output is used by Xcode 'outputs' to avoid re-running this script phase.\necho \"SUCCESS\" > \"${SCRIPT_OUTPUT_FILE_0}\"\n";
			showEnvVarsInLog = 0;
		};
		A54B7D8AB383A76B631EA701 /* [CP] Embed Pods Frameworks */ = {
			isa = PBXShellScriptBuildPhase;
			buildActionMask = 2147483647;
			files = (
			);
			inputFileListPaths = (
				"${PODS_ROOT}/Target Support Files/Pods-SportexcProject/Pods-SportexcProject-frameworks-${CONFIGURATION}-input-files.xcfilelist",
			);
			name = "[CP] Embed Pods Frameworks";
			outputFileListPaths = (
				"${PODS_ROOT}/Target Support Files/Pods-SportexcProject/Pods-SportexcProject-frameworks-${CONFIGURATION}-output-files.xcfilelist",
			);
			runOnlyForDeploymentPostprocessing = 0;
			shellPath = /bin/sh;
			shellScript = "\"${PODS_ROOT}/Target Support Files/Pods-SportexcProject/Pods-SportexcProject-frameworks.sh\"\n";
			showEnvVarsInLog = 0;
		};
		BA34CA3C096F3C6225C22225 /* [CP] Check Pods Manifest.lock */ = {
			isa = PBXShellScriptBuildPhase;
			buildActionMask = 2147483647;
			files = (
			);
			inputFileListPaths = (
			);
			inputPaths = (
				"${PODS_PODFILE_DIR_PATH}/Podfile.lock",
				"${PODS_ROOT}/Manifest.lock",
			);
			name = "[CP] Check Pods Manifest.lock";
			outputFileListPaths = (
			);
			outputPaths = (
				"$(DERIVED_FILE_DIR)/Pods-SportexcProject-SportexcProjectUITests-checkManifestLockResult.txt",
			);
			runOnlyForDeploymentPostprocessing = 0;
			shellPath = /bin/sh;
			shellScript = "diff \"${PODS_PODFILE_DIR_PATH}/Podfile.lock\" \"${PODS_ROOT}/Manifest.lock\" > /dev/null\nif [ $? != 0 ] ; then\n    # print error to STDERR\n    echo \"error: The sandbox is not in sync with the Podfile.lock. Run 'pod install' or update your CocoaPods installation.\" >&2\n    exit 1\nfi\n# This output is used by Xcode 'outputs' to avoid re-running this script phase.\necho \"SUCCESS\" > \"${SCRIPT_OUTPUT_FILE_0}\"\n";
			showEnvVarsInLog = 0;
		};
		EDBBDFE0687F53ADAC5B7281 /* [CP] Embed Pods Frameworks */ = {
			isa = PBXShellScriptBuildPhase;
			buildActionMask = 2147483647;
			files = (
			);
			inputFileListPaths = (
				"${PODS_ROOT}/Target Support Files/Pods-SportexcProject-SportexcProjectUITests/Pods-SportexcProject-SportexcProjectUITests-frameworks-${CONFIGURATION}-input-files.xcfilelist",
			);
			name = "[CP] Embed Pods Frameworks";
			outputFileListPaths = (
				"${PODS_ROOT}/Target Support Files/Pods-SportexcProject-SportexcProjectUITests/Pods-SportexcProject-SportexcProjectUITests-frameworks-${CONFIGURATION}-output-files.xcfilelist",
			);
			runOnlyForDeploymentPostprocessing = 0;
			shellPath = /bin/sh;
			shellScript = "\"${PODS_ROOT}/Target Support Files/Pods-SportexcProject-SportexcProjectUITests/Pods-SportexcProject-SportexcProjectUITests-frameworks.sh\"\n";
			showEnvVarsInLog = 0;
		};
/* End PBXShellScriptBuildPhase section */

/* Begin PBXSourcesBuildPhase section */
		A0FA81A927FAD2900046C338 /* Sources */ = {
			isa = PBXSourcesBuildPhase;
			buildActionMask = 2147483647;
			files = (
				A025018F2805B5EB001F602E /* PicturesTableViewCell.swift in Sources */,
				A0F2C7A628058B1800A1F9A9 /* MediaCenterTableViewCell.swift in Sources */,
				A0F177EE28083E9B003421F8 /* VideosModel.swift in Sources */,
				A0F2C7B428059D0B00A1F9A9 /* DescriptionViewController.swift in Sources */,
				A025019E2805B8DC001F602E /* TweetsTableViewCell.swift in Sources */,
				A02501782805B3DA001F602E /* ShowPicViewController.swift in Sources */,
				A0C1B3EA2806E0AC005A2B18 /* TabsModel.swift in Sources */,
				A0C1B3EC2806E3F1005A2B18 /* NewsModel.swift in Sources */,
				A00399422806FD9100D8DF5E /* PicturesDetailModel.swift in Sources */,
				A02501912805B674001F602E /* PicDetailVC+CollectionView.swift in Sources */,
				A0FA81EA27FAE8FF0046C338 /* SubscriptionTableViewCell.swift in Sources */,
				A02501762805B3B1001F602E /* PicDetailViewController.swift in Sources */,
				A0FA81B527FAD2900046C338 /* ViewController.swift in Sources */,
				A0F2C7A828058BD200A1F9A9 /* MediaCenterModel.swift in Sources */,
				A02501982805B791001F602E /* VideoTableViewCell.swift in Sources */,
				A0F2C7A0280583EB00A1F9A9 /* NewsViewController.swift in Sources */,
				A025017E2805B418001F602E /* VideoViewController.swift in Sources */,
				A0FA81B127FAD2900046C338 /* AppDelegate.swift in Sources */,
				A0FA81E427FAE72D0046C338 /* SubscriptionViewController.swift in Sources */,
				A0C1B3E82806BE28005A2B18 /* MediaCenterViewController.swift in Sources */,
				A0861ADA28041703006FB92F /* ChildDataModel.swift in Sources */,
				A025019A2805B88B001F602E /* TweetsVC+TableView.swift in Sources */,
				A0FA81ED27FAF72C0046C338 /* Request.swift in Sources */,
				A02501952805B74E001F602E /* VideoVC+TableView.swift in Sources */,
				A09654AD280278670028E51D /* ChildAddData+Delegate.swift in Sources */,
				A003993E2806F24F00D8DF5E /* NewsDetailModel.swift in Sources */,
				A02501842805B457001F602E /* TweetsViewController.swift in Sources */,
				A02501742805B354001F602E /* PicturesViewController.swift in Sources */,
				A0FF801627FB0C6D004D8B71 /* StatusModel.swift in Sources */,
				A0FF801A27FC46EB004D8B71 /* CurrentSubscriptionsModel.swift in Sources */,
				A0FA81B327FAD2900046C338 /* SceneDelegate.swift in Sources */,
				A0F2C7A428058ADB00A1F9A9 /* NewsVC+TableView.swift in Sources */,
				A0FA81E727FAE7660046C338 /* SubscriptionVC+TableView.swift in Sources */,
				A00399402806F91B00D8DF5E /* PicturesModel.swift in Sources */,
				A09654A828020C560028E51D /* ChildAddDataViewController.swift in Sources */,
				A02501932805B6AA001F602E /* PicDetailCollectionViewCell.swift in Sources */,
				A025018C2805B5BA001F602E /* PicturesVC+TableView.swift in Sources */,
			);
			runOnlyForDeploymentPostprocessing = 0;
		};
		A0FA81BF27FAD2930046C338 /* Sources */ = {
			isa = PBXSourcesBuildPhase;
			buildActionMask = 2147483647;
			files = (
				A0FA81C827FAD2930046C338 /* SportexcProjectTests.swift in Sources */,
			);
			runOnlyForDeploymentPostprocessing = 0;
		};
		A0FA81C927FAD2930046C338 /* Sources */ = {
			isa = PBXSourcesBuildPhase;
			buildActionMask = 2147483647;
			files = (
				A0FA81D427FAD2930046C338 /* SportexcProjectUITestsLaunchTests.swift in Sources */,
				A0FA81D227FAD2930046C338 /* SportexcProjectUITests.swift in Sources */,
			);
			runOnlyForDeploymentPostprocessing = 0;
		};
/* End PBXSourcesBuildPhase section */

/* Begin PBXTargetDependency section */
		A0FA81C527FAD2930046C338 /* PBXTargetDependency */ = {
			isa = PBXTargetDependency;
			target = A0FA81AC27FAD2900046C338 /* SportexcProject */;
			targetProxy = A0FA81C427FAD2930046C338 /* PBXContainerItemProxy */;
		};
		A0FA81CF27FAD2930046C338 /* PBXTargetDependency */ = {
			isa = PBXTargetDependency;
			target = A0FA81AC27FAD2900046C338 /* SportexcProject */;
			targetProxy = A0FA81CE27FAD2930046C338 /* PBXContainerItemProxy */;
		};
/* End PBXTargetDependency section */

/* Begin PBXVariantGroup section */
		A0F2C7B12805944D00A1F9A9 /* Localizable.strings */ = {
			isa = PBXVariantGroup;
			children = (
				A0F2C7B02805944D00A1F9A9 /* ar */,
				A0F2C7B2280594DA00A1F9A9 /* en */,
			);
			name = Localizable.strings;
			sourceTree = "<group>";
		};
		A0FA81B627FAD2900046C338 /* Main.storyboard */ = {
			isa = PBXVariantGroup;
			children = (
				A0FA81B727FAD2900046C338 /* Base */,
				A0F2C7AB280593A300A1F9A9 /* ar */,
			);
			name = Main.storyboard;
			sourceTree = "<group>";
		};
		A0FA81BB27FAD2920046C338 /* LaunchScreen.storyboard */ = {
			isa = PBXVariantGroup;
			children = (
				A0FA81BC27FAD2920046C338 /* Base */,
				A0F2C7AC280593A400A1F9A9 /* ar */,
			);
			name = LaunchScreen.storyboard;
			sourceTree = "<group>";
		};
/* End PBXVariantGroup section */

/* Begin XCBuildConfiguration section */
		A0FA81D527FAD2930046C338 /* Debug */ = {
			isa = XCBuildConfiguration;
			buildSettings = {
				ALWAYS_SEARCH_USER_PATHS = NO;
				CLANG_ANALYZER_LOCALIZABILITY_NONLOCALIZED = YES;
				CLANG_ANALYZER_NONNULL = YES;
				CLANG_ANALYZER_NUMBER_OBJECT_CONVERSION = YES_AGGRESSIVE;
				CLANG_CXX_LANGUAGE_STANDARD = "gnu++17";
				CLANG_CXX_LIBRARY = "libc++";
				CLANG_ENABLE_MODULES = YES;
				CLANG_ENABLE_OBJC_ARC = YES;
				CLANG_ENABLE_OBJC_WEAK = YES;
				CLANG_WARN_BLOCK_CAPTURE_AUTORELEASING = YES;
				CLANG_WARN_BOOL_CONVERSION = YES;
				CLANG_WARN_COMMA = YES;
				CLANG_WARN_CONSTANT_CONVERSION = YES;
				CLANG_WARN_DEPRECATED_OBJC_IMPLEMENTATIONS = YES;
				CLANG_WARN_DIRECT_OBJC_ISA_USAGE = YES_ERROR;
				CLANG_WARN_DOCUMENTATION_COMMENTS = YES;
				CLANG_WARN_EMPTY_BODY = YES;
				CLANG_WARN_ENUM_CONVERSION = YES;
				CLANG_WARN_INFINITE_RECURSION = YES;
				CLANG_WARN_INT_CONVERSION = YES;
				CLANG_WARN_NON_LITERAL_NULL_CONVERSION = YES;
				CLANG_WARN_OBJC_IMPLICIT_RETAIN_SELF = YES;
				CLANG_WARN_OBJC_LITERAL_CONVERSION = YES;
				CLANG_WARN_OBJC_ROOT_CLASS = YES_ERROR;
				CLANG_WARN_QUOTED_INCLUDE_IN_FRAMEWORK_HEADER = YES;
				CLANG_WARN_RANGE_LOOP_ANALYSIS = YES;
				CLANG_WARN_STRICT_PROTOTYPES = YES;
				CLANG_WARN_SUSPICIOUS_MOVE = YES;
				CLANG_WARN_UNGUARDED_AVAILABILITY = YES_AGGRESSIVE;
				CLANG_WARN_UNREACHABLE_CODE = YES;
				CLANG_WARN__DUPLICATE_METHOD_MATCH = YES;
				COPY_PHASE_STRIP = NO;
				DEBUG_INFORMATION_FORMAT = dwarf;
				ENABLE_STRICT_OBJC_MSGSEND = YES;
				ENABLE_TESTABILITY = YES;
				GCC_C_LANGUAGE_STANDARD = gnu11;
				GCC_DYNAMIC_NO_PIC = NO;
				GCC_NO_COMMON_BLOCKS = YES;
				GCC_OPTIMIZATION_LEVEL = 0;
				GCC_PREPROCESSOR_DEFINITIONS = (
					"DEBUG=1",
					"$(inherited)",
				);
				GCC_WARN_64_TO_32_BIT_CONVERSION = YES;
				GCC_WARN_ABOUT_RETURN_TYPE = YES_ERROR;
				GCC_WARN_UNDECLARED_SELECTOR = YES;
				GCC_WARN_UNINITIALIZED_AUTOS = YES_AGGRESSIVE;
				GCC_WARN_UNUSED_FUNCTION = YES;
				GCC_WARN_UNUSED_VARIABLE = YES;
				IPHONEOS_DEPLOYMENT_TARGET = 15.2;
				MTL_ENABLE_DEBUG_INFO = INCLUDE_SOURCE;
				MTL_FAST_MATH = YES;
				ONLY_ACTIVE_ARCH = YES;
				SDKROOT = iphoneos;
				SWIFT_ACTIVE_COMPILATION_CONDITIONS = DEBUG;
				SWIFT_OPTIMIZATION_LEVEL = "-Onone";
			};
			name = Debug;
		};
		A0FA81D627FAD2930046C338 /* Release */ = {
			isa = XCBuildConfiguration;
			buildSettings = {
				ALWAYS_SEARCH_USER_PATHS = NO;
				CLANG_ANALYZER_LOCALIZABILITY_NONLOCALIZED = YES;
				CLANG_ANALYZER_NONNULL = YES;
				CLANG_ANALYZER_NUMBER_OBJECT_CONVERSION = YES_AGGRESSIVE;
				CLANG_CXX_LANGUAGE_STANDARD = "gnu++17";
				CLANG_CXX_LIBRARY = "libc++";
				CLANG_ENABLE_MODULES = YES;
				CLANG_ENABLE_OBJC_ARC = YES;
				CLANG_ENABLE_OBJC_WEAK = YES;
				CLANG_WARN_BLOCK_CAPTURE_AUTORELEASING = YES;
				CLANG_WARN_BOOL_CONVERSION = YES;
				CLANG_WARN_COMMA = YES;
				CLANG_WARN_CONSTANT_CONVERSION = YES;
				CLANG_WARN_DEPRECATED_OBJC_IMPLEMENTATIONS = YES;
				CLANG_WARN_DIRECT_OBJC_ISA_USAGE = YES_ERROR;
				CLANG_WARN_DOCUMENTATION_COMMENTS = YES;
				CLANG_WARN_EMPTY_BODY = YES;
				CLANG_WARN_ENUM_CONVERSION = YES;
				CLANG_WARN_INFINITE_RECURSION = YES;
				CLANG_WARN_INT_CONVERSION = YES;
				CLANG_WARN_NON_LITERAL_NULL_CONVERSION = YES;
				CLANG_WARN_OBJC_IMPLICIT_RETAIN_SELF = YES;
				CLANG_WARN_OBJC_LITERAL_CONVERSION = YES;
				CLANG_WARN_OBJC_ROOT_CLASS = YES_ERROR;
				CLANG_WARN_QUOTED_INCLUDE_IN_FRAMEWORK_HEADER = YES;
				CLANG_WARN_RANGE_LOOP_ANALYSIS = YES;
				CLANG_WARN_STRICT_PROTOTYPES = YES;
				CLANG_WARN_SUSPICIOUS_MOVE = YES;
				CLANG_WARN_UNGUARDED_AVAILABILITY = YES_AGGRESSIVE;
				CLANG_WARN_UNREACHABLE_CODE = YES;
				CLANG_WARN__DUPLICATE_METHOD_MATCH = YES;
				COPY_PHASE_STRIP = NO;
				DEBUG_INFORMATION_FORMAT = "dwarf-with-dsym";
				ENABLE_NS_ASSERTIONS = NO;
				ENABLE_STRICT_OBJC_MSGSEND = YES;
				GCC_C_LANGUAGE_STANDARD = gnu11;
				GCC_NO_COMMON_BLOCKS = YES;
				GCC_WARN_64_TO_32_BIT_CONVERSION = YES;
				GCC_WARN_ABOUT_RETURN_TYPE = YES_ERROR;
				GCC_WARN_UNDECLARED_SELECTOR = YES;
				GCC_WARN_UNINITIALIZED_AUTOS = YES_AGGRESSIVE;
				GCC_WARN_UNUSED_FUNCTION = YES;
				GCC_WARN_UNUSED_VARIABLE = YES;
				IPHONEOS_DEPLOYMENT_TARGET = 15.2;
				MTL_ENABLE_DEBUG_INFO = NO;
				MTL_FAST_MATH = YES;
				SDKROOT = iphoneos;
				SWIFT_COMPILATION_MODE = wholemodule;
				SWIFT_OPTIMIZATION_LEVEL = "-O";
				VALIDATE_PRODUCT = YES;
			};
			name = Release;
		};
		A0FA81D827FAD2930046C338 /* Debug */ = {
			isa = XCBuildConfiguration;
			baseConfigurationReference = 5D02E447F7DCD79A9B140EF0 /* Pods-SportexcProject.debug.xcconfig */;
			buildSettings = {
				ASSETCATALOG_COMPILER_APPICON_NAME = AppIcon;
				ASSETCATALOG_COMPILER_GLOBAL_ACCENT_COLOR_NAME = AccentColor;
				CODE_SIGN_STYLE = Automatic;
				CURRENT_PROJECT_VERSION = 1;
				DEVELOPMENT_TEAM = MH7XJAXFM4;
				GENERATE_INFOPLIST_FILE = YES;
				INFOPLIST_FILE = SportexcProject/Info.plist;
				INFOPLIST_KEY_UIApplicationSupportsIndirectInputEvents = YES;
				INFOPLIST_KEY_UILaunchStoryboardName = LaunchScreen;
				INFOPLIST_KEY_UIMainStoryboardFile = Main;
				INFOPLIST_KEY_UISupportedInterfaceOrientations_iPad = "UIInterfaceOrientationPortrait UIInterfaceOrientationPortraitUpsideDown UIInterfaceOrientationLandscapeLeft UIInterfaceOrientationLandscapeRight";
				INFOPLIST_KEY_UISupportedInterfaceOrientations_iPhone = "UIInterfaceOrientationPortrait UIInterfaceOrientationLandscapeLeft UIInterfaceOrientationLandscapeRight";
				LD_RUNPATH_SEARCH_PATHS = (
					"$(inherited)",
					"@executable_path/Frameworks",
				);
				MARKETING_VERSION = 1.0;
				PRODUCT_BUNDLE_IDENTIFIER = NaglaaOgabih.SportexcProject;
				PRODUCT_NAME = "$(TARGET_NAME)";
				SWIFT_EMIT_LOC_STRINGS = YES;
				SWIFT_VERSION = 5.0;
				TARGETED_DEVICE_FAMILY = "1,2";
			};
			name = Debug;
		};
		A0FA81D927FAD2930046C338 /* Release */ = {
			isa = XCBuildConfiguration;
			baseConfigurationReference = 3C75DB3DD2DA7EAA11B94D67 /* Pods-SportexcProject.release.xcconfig */;
			buildSettings = {
				ASSETCATALOG_COMPILER_APPICON_NAME = AppIcon;
				ASSETCATALOG_COMPILER_GLOBAL_ACCENT_COLOR_NAME = AccentColor;
				CODE_SIGN_STYLE = Automatic;
				CURRENT_PROJECT_VERSION = 1;
				DEVELOPMENT_TEAM = MH7XJAXFM4;
				GENERATE_INFOPLIST_FILE = YES;
				INFOPLIST_FILE = SportexcProject/Info.plist;
				INFOPLIST_KEY_UIApplicationSupportsIndirectInputEvents = YES;
				INFOPLIST_KEY_UILaunchStoryboardName = LaunchScreen;
				INFOPLIST_KEY_UIMainStoryboardFile = Main;
				INFOPLIST_KEY_UISupportedInterfaceOrientations_iPad = "UIInterfaceOrientationPortrait UIInterfaceOrientationPortraitUpsideDown UIInterfaceOrientationLandscapeLeft UIInterfaceOrientationLandscapeRight";
				INFOPLIST_KEY_UISupportedInterfaceOrientations_iPhone = "UIInterfaceOrientationPortrait UIInterfaceOrientationLandscapeLeft UIInterfaceOrientationLandscapeRight";
				LD_RUNPATH_SEARCH_PATHS = (
					"$(inherited)",
					"@executable_path/Frameworks",
				);
				MARKETING_VERSION = 1.0;
				PRODUCT_BUNDLE_IDENTIFIER = NaglaaOgabih.SportexcProject;
				PRODUCT_NAME = "$(TARGET_NAME)";
				SWIFT_EMIT_LOC_STRINGS = YES;
				SWIFT_VERSION = 5.0;
				TARGETED_DEVICE_FAMILY = "1,2";
			};
			name = Release;
		};
		A0FA81DB27FAD2930046C338 /* Debug */ = {
			isa = XCBuildConfiguration;
			baseConfigurationReference = 7299C0F41361099CB0C169F2 /* Pods-SportexcProjectTests.debug.xcconfig */;
			buildSettings = {
				ALWAYS_EMBED_SWIFT_STANDARD_LIBRARIES = YES;
				BUNDLE_LOADER = "$(TEST_HOST)";
				CODE_SIGN_STYLE = Automatic;
				CURRENT_PROJECT_VERSION = 1;
				DEVELOPMENT_TEAM = MH7XJAXFM4;
				GENERATE_INFOPLIST_FILE = YES;
				IPHONEOS_DEPLOYMENT_TARGET = 15.2;
				MARKETING_VERSION = 1.0;
				PRODUCT_BUNDLE_IDENTIFIER = NaglaaOgabih.SportexcProjectTests;
				PRODUCT_NAME = "$(TARGET_NAME)";
				SWIFT_EMIT_LOC_STRINGS = NO;
				SWIFT_VERSION = 5.0;
				TARGETED_DEVICE_FAMILY = "1,2";
				TEST_HOST = "$(BUILT_PRODUCTS_DIR)/SportexcProject.app/SportexcProject";
			};
			name = Debug;
		};
		A0FA81DC27FAD2930046C338 /* Release */ = {
			isa = XCBuildConfiguration;
			baseConfigurationReference = 8C3FC0A7A106BF6A0B895F56 /* Pods-SportexcProjectTests.release.xcconfig */;
			buildSettings = {
				ALWAYS_EMBED_SWIFT_STANDARD_LIBRARIES = YES;
				BUNDLE_LOADER = "$(TEST_HOST)";
				CODE_SIGN_STYLE = Automatic;
				CURRENT_PROJECT_VERSION = 1;
				DEVELOPMENT_TEAM = MH7XJAXFM4;
				GENERATE_INFOPLIST_FILE = YES;
				IPHONEOS_DEPLOYMENT_TARGET = 15.2;
				MARKETING_VERSION = 1.0;
				PRODUCT_BUNDLE_IDENTIFIER = NaglaaOgabih.SportexcProjectTests;
				PRODUCT_NAME = "$(TARGET_NAME)";
				SWIFT_EMIT_LOC_STRINGS = NO;
				SWIFT_VERSION = 5.0;
				TARGETED_DEVICE_FAMILY = "1,2";
				TEST_HOST = "$(BUILT_PRODUCTS_DIR)/SportexcProject.app/SportexcProject";
			};
			name = Release;
		};
		A0FA81DE27FAD2930046C338 /* Debug */ = {
			isa = XCBuildConfiguration;
			baseConfigurationReference = 399F87B9C31B1FA15A8020CA /* Pods-SportexcProject-SportexcProjectUITests.debug.xcconfig */;
			buildSettings = {
				ALWAYS_EMBED_SWIFT_STANDARD_LIBRARIES = YES;
				CODE_SIGN_STYLE = Automatic;
				CURRENT_PROJECT_VERSION = 1;
				DEVELOPMENT_TEAM = MH7XJAXFM4;
				GENERATE_INFOPLIST_FILE = YES;
				MARKETING_VERSION = 1.0;
				PRODUCT_BUNDLE_IDENTIFIER = NaglaaOgabih.SportexcProjectUITests;
				PRODUCT_NAME = "$(TARGET_NAME)";
				SWIFT_EMIT_LOC_STRINGS = NO;
				SWIFT_VERSION = 5.0;
				TARGETED_DEVICE_FAMILY = "1,2";
				TEST_TARGET_NAME = SportexcProject;
			};
			name = Debug;
		};
		A0FA81DF27FAD2930046C338 /* Release */ = {
			isa = XCBuildConfiguration;
			baseConfigurationReference = 95F8D1DC471A6D6520FE3C17 /* Pods-SportexcProject-SportexcProjectUITests.release.xcconfig */;
			buildSettings = {
				ALWAYS_EMBED_SWIFT_STANDARD_LIBRARIES = YES;
				CODE_SIGN_STYLE = Automatic;
				CURRENT_PROJECT_VERSION = 1;
				DEVELOPMENT_TEAM = MH7XJAXFM4;
				GENERATE_INFOPLIST_FILE = YES;
				MARKETING_VERSION = 1.0;
				PRODUCT_BUNDLE_IDENTIFIER = NaglaaOgabih.SportexcProjectUITests;
				PRODUCT_NAME = "$(TARGET_NAME)";
				SWIFT_EMIT_LOC_STRINGS = NO;
				SWIFT_VERSION = 5.0;
				TARGETED_DEVICE_FAMILY = "1,2";
				TEST_TARGET_NAME = SportexcProject;
			};
			name = Release;
		};
/* End XCBuildConfiguration section */

/* Begin XCConfigurationList section */
		A0FA81A827FAD2900046C338 /* Build configuration list for PBXProject "SportexcProject" */ = {
			isa = XCConfigurationList;
			buildConfigurations = (
				A0FA81D527FAD2930046C338 /* Debug */,
				A0FA81D627FAD2930046C338 /* Release */,
			);
			defaultConfigurationIsVisible = 0;
			defaultConfigurationName = Release;
		};
		A0FA81D727FAD2930046C338 /* Build configuration list for PBXNativeTarget "SportexcProject" */ = {
			isa = XCConfigurationList;
			buildConfigurations = (
				A0FA81D827FAD2930046C338 /* Debug */,
				A0FA81D927FAD2930046C338 /* Release */,
			);
			defaultConfigurationIsVisible = 0;
			defaultConfigurationName = Release;
		};
		A0FA81DA27FAD2930046C338 /* Build configuration list for PBXNativeTarget "SportexcProjectTests" */ = {
			isa = XCConfigurationList;
			buildConfigurations = (
				A0FA81DB27FAD2930046C338 /* Debug */,
				A0FA81DC27FAD2930046C338 /* Release */,
			);
			defaultConfigurationIsVisible = 0;
			defaultConfigurationName = Release;
		};
		A0FA81DD27FAD2930046C338 /* Build configuration list for PBXNativeTarget "SportexcProjectUITests" */ = {
			isa = XCConfigurationList;
			buildConfigurations = (
				A0FA81DE27FAD2930046C338 /* Debug */,
				A0FA81DF27FAD2930046C338 /* Release */,
			);
			defaultConfigurationIsVisible = 0;
			defaultConfigurationName = Release;
		};
/* End XCConfigurationList section */
	};
	rootObject = A0FA81A527FAD2900046C338 /* Project object */;
}
